// !$*UTF8*$!
{
	archiveVersion = 1;
	classes = {
	};
	objectVersion = 55;
	objects = {

/* Begin PBXBuildFile section */
		381732D327A6B7F0003CD197 /* AppDelegate.swift in Sources */ = {isa = PBXBuildFile; fileRef = 381732D227A6B7F0003CD197 /* AppDelegate.swift */; };
		381732D527A6B7F0003CD197 /* SceneDelegate.swift in Sources */ = {isa = PBXBuildFile; fileRef = 381732D427A6B7F0003CD197 /* SceneDelegate.swift */; };
		381732DA27A6B7F0003CD197 /* Main.storyboard in Resources */ = {isa = PBXBuildFile; fileRef = 381732D827A6B7F0003CD197 /* Main.storyboard */; };
		381732DD27A6B7F0003CD197 /* CoordinatorExample2.xcdatamodeld in Sources */ = {isa = PBXBuildFile; fileRef = 381732DB27A6B7F0003CD197 /* CoordinatorExample2.xcdatamodeld */; };
		381732DF27A6B7F2003CD197 /* Assets.xcassets in Resources */ = {isa = PBXBuildFile; fileRef = 381732DE27A6B7F2003CD197 /* Assets.xcassets */; };
		381732E227A6B7F2003CD197 /* LaunchScreen.storyboard in Resources */ = {isa = PBXBuildFile; fileRef = 381732E027A6B7F2003CD197 /* LaunchScreen.storyboard */; };
		381732EB27A6B88B003CD197 /* protocol.swift in Sources */ = {isa = PBXBuildFile; fileRef = 381732EA27A6B88B003CD197 /* protocol.swift */; };
		381732ED27A6B8EA003CD197 /* AppCoordinator.swift in Sources */ = {isa = PBXBuildFile; fileRef = 381732EC27A6B8EA003CD197 /* AppCoordinator.swift */; };
		38C224A327A7E35500007808 /* EventListCoordinator.swift in Sources */ = {isa = PBXBuildFile; fileRef = 38C224A227A7E35500007808 /* EventListCoordinator.swift */; };
		38C224A627A7E4AE00007808 /* EventListViewController.swift in Sources */ = {isa = PBXBuildFile; fileRef = 38C224A527A7E4AE00007808 /* EventListViewController.swift */; };
		38C224AC27A7F44B00007808 /* EventManager.swift in Sources */ = {isa = PBXBuildFile; fileRef = 38C224AB27A7F44B00007808 /* EventManager.swift */; };
		38C224AF27A7FA0B00007808 /* EventListViewModel.swift in Sources */ = {isa = PBXBuildFile; fileRef = 38C224AE27A7FA0B00007808 /* EventListViewModel.swift */; };
		38C224B127A8019C00007808 /* AddEventCoordinator.swift in Sources */ = {isa = PBXBuildFile; fileRef = 38C224B027A8019C00007808 /* AddEventCoordinator.swift */; };
		38C224B327A806E800007808 /* AddEventViewController.swift in Sources */ = {isa = PBXBuildFile; fileRef = 38C224B227A806E800007808 /* AddEventViewController.swift */; };
		38C224B627A8080C00007808 /* UIViewController+Extension.swift in Sources */ = {isa = PBXBuildFile; fileRef = 38C224B527A8080C00007808 /* UIViewController+Extension.swift */; };
		38C224B827A808F600007808 /* AddEventViewModel.swift in Sources */ = {isa = PBXBuildFile; fileRef = 38C224B727A808F600007808 /* AddEventViewModel.swift */; };
		38C224C027A92D3000007808 /* AddEventDateTableViewCell.swift in Sources */ = {isa = PBXBuildFile; fileRef = 38C224BE27A92D3000007808 /* AddEventDateTableViewCell.swift */; };
		38C224C127A92D3000007808 /* AddEventDateTableViewCell.xib in Resources */ = {isa = PBXBuildFile; fileRef = 38C224BF27A92D3000007808 /* AddEventDateTableViewCell.xib */; };
		38C224C427A9336000007808 /* AddEventTitleTableViewCell.swift in Sources */ = {isa = PBXBuildFile; fileRef = 38C224C227A9336000007808 /* AddEventTitleTableViewCell.swift */; };
		38C224C527A9336000007808 /* AddEventTitleTableViewCell.xib in Resources */ = {isa = PBXBuildFile; fileRef = 38C224C327A9336000007808 /* AddEventTitleTableViewCell.xib */; };
		38C224C827A9496400007808 /* ImagePickerTableViewCell.swift in Sources */ = {isa = PBXBuildFile; fileRef = 38C224C627A9496400007808 /* ImagePickerTableViewCell.swift */; };
		38C224C927A9496400007808 /* ImagePickerTableViewCell.xib in Resources */ = {isa = PBXBuildFile; fileRef = 38C224C727A9496400007808 /* ImagePickerTableViewCell.xib */; };
		38FF532527BA188900895077 /* ImagePickerViewController.swift in Sources */ = {isa = PBXBuildFile; fileRef = 38FF532427BA188900895077 /* ImagePickerViewController.swift */; };
		38FF532727BA196E00895077 /* AddImageViewModel.swift in Sources */ = {isa = PBXBuildFile; fileRef = 38FF532627BA196E00895077 /* AddImageViewModel.swift */; };
/* End PBXBuildFile section */

/* Begin PBXFileReference section */
		381732CF27A6B7F0003CD197 /* CoordinatorExample2.app */ = {isa = PBXFileReference; explicitFileType = wrapper.application; includeInIndex = 0; path = CoordinatorExample2.app; sourceTree = BUILT_PRODUCTS_DIR; };
		381732D227A6B7F0003CD197 /* AppDelegate.swift */ = {isa = PBXFileReference; lastKnownFileType = sourcecode.swift; path = AppDelegate.swift; sourceTree = "<group>"; };
		381732D427A6B7F0003CD197 /* SceneDelegate.swift */ = {isa = PBXFileReference; lastKnownFileType = sourcecode.swift; path = SceneDelegate.swift; sourceTree = "<group>"; };
		381732D927A6B7F0003CD197 /* Base */ = {isa = PBXFileReference; lastKnownFileType = file.storyboard; name = Base; path = Base.lproj/Main.storyboard; sourceTree = "<group>"; };
		381732DC27A6B7F0003CD197 /* CoordinatorExample2.xcdatamodel */ = {isa = PBXFileReference; lastKnownFileType = wrapper.xcdatamodel; path = CoordinatorExample2.xcdatamodel; sourceTree = "<group>"; };
		381732DE27A6B7F2003CD197 /* Assets.xcassets */ = {isa = PBXFileReference; lastKnownFileType = folder.assetcatalog; path = Assets.xcassets; sourceTree = "<group>"; };
		381732E127A6B7F2003CD197 /* Base */ = {isa = PBXFileReference; lastKnownFileType = file.storyboard; name = Base; path = Base.lproj/LaunchScreen.storyboard; sourceTree = "<group>"; };
		381732E327A6B7F2003CD197 /* Info.plist */ = {isa = PBXFileReference; lastKnownFileType = text.plist.xml; path = Info.plist; sourceTree = "<group>"; };
		381732EA27A6B88B003CD197 /* protocol.swift */ = {isa = PBXFileReference; lastKnownFileType = sourcecode.swift; path = protocol.swift; sourceTree = "<group>"; };
		381732EC27A6B8EA003CD197 /* AppCoordinator.swift */ = {isa = PBXFileReference; lastKnownFileType = sourcecode.swift; path = AppCoordinator.swift; sourceTree = "<group>"; };
		38C224A227A7E35500007808 /* EventListCoordinator.swift */ = {isa = PBXFileReference; lastKnownFileType = sourcecode.swift; path = EventListCoordinator.swift; sourceTree = "<group>"; };
		38C224A527A7E4AE00007808 /* EventListViewController.swift */ = {isa = PBXFileReference; lastKnownFileType = sourcecode.swift; path = EventListViewController.swift; sourceTree = "<group>"; };
		38C224AB27A7F44B00007808 /* EventManager.swift */ = {isa = PBXFileReference; lastKnownFileType = sourcecode.swift; path = EventManager.swift; sourceTree = "<group>"; };
		38C224AE27A7FA0B00007808 /* EventListViewModel.swift */ = {isa = PBXFileReference; lastKnownFileType = sourcecode.swift; path = EventListViewModel.swift; sourceTree = "<group>"; };
		38C224B027A8019C00007808 /* AddEventCoordinator.swift */ = {isa = PBXFileReference; lastKnownFileType = sourcecode.swift; path = AddEventCoordinator.swift; sourceTree = "<group>"; };
		38C224B227A806E800007808 /* AddEventViewController.swift */ = {isa = PBXFileReference; lastKnownFileType = sourcecode.swift; path = AddEventViewController.swift; sourceTree = "<group>"; };
		38C224B527A8080C00007808 /* UIViewController+Extension.swift */ = {isa = PBXFileReference; lastKnownFileType = sourcecode.swift; path = "UIViewController+Extension.swift"; sourceTree = "<group>"; };
		38C224B727A808F600007808 /* AddEventViewModel.swift */ = {isa = PBXFileReference; lastKnownFileType = sourcecode.swift; path = AddEventViewModel.swift; sourceTree = "<group>"; };
		38C224BE27A92D3000007808 /* AddEventDateTableViewCell.swift */ = {isa = PBXFileReference; lastKnownFileType = sourcecode.swift; path = AddEventDateTableViewCell.swift; sourceTree = "<group>"; };
		38C224BF27A92D3000007808 /* AddEventDateTableViewCell.xib */ = {isa = PBXFileReference; lastKnownFileType = file.xib; path = AddEventDateTableViewCell.xib; sourceTree = "<group>"; };
		38C224C227A9336000007808 /* AddEventTitleTableViewCell.swift */ = {isa = PBXFileReference; lastKnownFileType = sourcecode.swift; path = AddEventTitleTableViewCell.swift; sourceTree = "<group>"; };
		38C224C327A9336000007808 /* AddEventTitleTableViewCell.xib */ = {isa = PBXFileReference; lastKnownFileType = file.xib; path = AddEventTitleTableViewCell.xib; sourceTree = "<group>"; };
		38C224C627A9496400007808 /* ImagePickerTableViewCell.swift */ = {isa = PBXFileReference; lastKnownFileType = sourcecode.swift; path = ImagePickerTableViewCell.swift; sourceTree = "<group>"; };
		38C224C727A9496400007808 /* ImagePickerTableViewCell.xib */ = {isa = PBXFileReference; lastKnownFileType = file.xib; path = ImagePickerTableViewCell.xib; sourceTree = "<group>"; };
		38FF532427BA188900895077 /* ImagePickerViewController.swift */ = {isa = PBXFileReference; lastKnownFileType = sourcecode.swift; path = ImagePickerViewController.swift; sourceTree = "<group>"; };
		38FF532627BA196E00895077 /* AddImageViewModel.swift */ = {isa = PBXFileReference; lastKnownFileType = sourcecode.swift; path = AddImageViewModel.swift; sourceTree = "<group>"; };
/* End PBXFileReference section */

/* Begin PBXFrameworksBuildPhase section */
		381732CC27A6B7F0003CD197 /* Frameworks */ = {
			isa = PBXFrameworksBuildPhase;
			buildActionMask = 2147483647;
			files = (
			);
			runOnlyForDeploymentPostprocessing = 0;
		};
/* End PBXFrameworksBuildPhase section */

/* Begin PBXGroup section */
		381732C627A6B7F0003CD197 = {
			isa = PBXGroup;
			children = (
				381732D127A6B7F0003CD197 /* CoordinatorExample2 */,
				381732D027A6B7F0003CD197 /* Products */,
			);
			sourceTree = "<group>";
		};
		381732D027A6B7F0003CD197 /* Products */ = {
			isa = PBXGroup;
			children = (
				381732CF27A6B7F0003CD197 /* CoordinatorExample2.app */,
			);
			name = Products;
			sourceTree = "<group>";
		};
		381732D127A6B7F0003CD197 /* CoordinatorExample2 */ = {
			isa = PBXGroup;
			children = (
				38C224B927A9265D00007808 /* TableViewCell */,
				38C224B427A807CC00007808 /* Extension */,
				38C224AD27A7F9E300007808 /* Model */,
				38C224A427A7E48E00007808 /* Controller */,
				381732E927A6B871003CD197 /* Coordinator */,
				381732D227A6B7F0003CD197 /* AppDelegate.swift */,
				381732D427A6B7F0003CD197 /* SceneDelegate.swift */,
				381732D827A6B7F0003CD197 /* Main.storyboard */,
				381732DE27A6B7F2003CD197 /* Assets.xcassets */,
				381732E027A6B7F2003CD197 /* LaunchScreen.storyboard */,
				381732E327A6B7F2003CD197 /* Info.plist */,
				381732DB27A6B7F0003CD197 /* CoordinatorExample2.xcdatamodeld */,
				38C224AB27A7F44B00007808 /* EventManager.swift */,
			);
			path = CoordinatorExample2;
			sourceTree = "<group>";
		};
		381732E927A6B871003CD197 /* Coordinator */ = {
			isa = PBXGroup;
			children = (
				381732EA27A6B88B003CD197 /* protocol.swift */,
				381732EC27A6B8EA003CD197 /* AppCoordinator.swift */,
				38C224A227A7E35500007808 /* EventListCoordinator.swift */,
				38C224B027A8019C00007808 /* AddEventCoordinator.swift */,
			);
			path = Coordinator;
			sourceTree = "<group>";
		};
		38C224A427A7E48E00007808 /* Controller */ = {
			isa = PBXGroup;
			children = (
				38C224A527A7E4AE00007808 /* EventListViewController.swift */,
				38C224B227A806E800007808 /* AddEventViewController.swift */,
				38FF532427BA188900895077 /* ImagePickerViewController.swift */,
			);
			path = Controller;
			sourceTree = "<group>";
		};
		38C224AD27A7F9E300007808 /* Model */ = {
			isa = PBXGroup;
			children = (
				38C224AE27A7FA0B00007808 /* EventListViewModel.swift */,
				38C224B727A808F600007808 /* AddEventViewModel.swift */,
				38FF532627BA196E00895077 /* AddImageViewModel.swift */,
			);
			path = Model;
			sourceTree = "<group>";
		};
		38C224B427A807CC00007808 /* Extension */ = {
			isa = PBXGroup;
			children = (
				38C224B527A8080C00007808 /* UIViewController+Extension.swift */,
			);
			path = Extension;
			sourceTree = "<group>";
		};
		38C224B927A9265D00007808 /* TableViewCell */ = {
			isa = PBXGroup;
			children = (
				38C224BE27A92D3000007808 /* AddEventDateTableViewCell.swift */,
				38C224BF27A92D3000007808 /* AddEventDateTableViewCell.xib */,
				38C224C227A9336000007808 /* AddEventTitleTableViewCell.swift */,
				38C224C327A9336000007808 /* AddEventTitleTableViewCell.xib */,
				38C224C627A9496400007808 /* ImagePickerTableViewCell.swift */,
				38C224C727A9496400007808 /* ImagePickerTableViewCell.xib */,
			);
			path = TableViewCell;
			sourceTree = "<group>";
		};
/* End PBXGroup section */

/* Begin PBXNativeTarget section */
		381732CE27A6B7F0003CD197 /* CoordinatorExample2 */ = {
			isa = PBXNativeTarget;
			buildConfigurationList = 381732E627A6B7F2003CD197 /* Build configuration list for PBXNativeTarget "CoordinatorExample2" */;
			buildPhases = (
				381732CB27A6B7F0003CD197 /* Sources */,
				381732CC27A6B7F0003CD197 /* Frameworks */,
				381732CD27A6B7F0003CD197 /* Resources */,
			);
			buildRules = (
			);
			dependencies = (
			);
			name = CoordinatorExample2;
			productName = CoordinatorExample2;
			productReference = 381732CF27A6B7F0003CD197 /* CoordinatorExample2.app */;
			productType = "com.apple.product-type.application";
		};
/* End PBXNativeTarget section */

/* Begin PBXProject section */
		381732C727A6B7F0003CD197 /* Project object */ = {
			isa = PBXProject;
			attributes = {
				BuildIndependentTargetsInParallel = 1;
				LastSwiftUpdateCheck = 1320;
				LastUpgradeCheck = 1320;
				TargetAttributes = {
					381732CE27A6B7F0003CD197 = {
						CreatedOnToolsVersion = 13.2.1;
					};
				};
			};
			buildConfigurationList = 381732CA27A6B7F0003CD197 /* Build configuration list for PBXProject "CoordinatorExample2" */;
			compatibilityVersion = "Xcode 13.0";
			developmentRegion = en;
			hasScannedForEncodings = 0;
			knownRegions = (
				en,
				Base,
			);
			mainGroup = 381732C627A6B7F0003CD197;
			productRefGroup = 381732D027A6B7F0003CD197 /* Products */;
			projectDirPath = "";
			projectRoot = "";
			targets = (
				381732CE27A6B7F0003CD197 /* CoordinatorExample2 */,
			);
		};
/* End PBXProject section */

/* Begin PBXResourcesBuildPhase section */
		381732CD27A6B7F0003CD197 /* Resources */ = {
			isa = PBXResourcesBuildPhase;
			buildActionMask = 2147483647;
			files = (
				38C224C127A92D3000007808 /* AddEventDateTableViewCell.xib in Resources */,
				381732E227A6B7F2003CD197 /* LaunchScreen.storyboard in Resources */,
				381732DF27A6B7F2003CD197 /* Assets.xcassets in Resources */,
				381732DA27A6B7F0003CD197 /* Main.storyboard in Resources */,
				38C224C527A9336000007808 /* AddEventTitleTableViewCell.xib in Resources */,
				38C224C927A9496400007808 /* ImagePickerTableViewCell.xib in Resources */,
			);
			runOnlyForDeploymentPostprocessing = 0;
		};
/* End PBXResourcesBuildPhase section */

/* Begin PBXSourcesBuildPhase section */
		381732CB27A6B7F0003CD197 /* Sources */ = {
			isa = PBXSourcesBuildPhase;
			buildActionMask = 2147483647;
			files = (
				38C224C027A92D3000007808 /* AddEventDateTableViewCell.swift in Sources */,
				38C224B627A8080C00007808 /* UIViewController+Extension.swift in Sources */,
				38FF532727BA196E00895077 /* AddImageViewModel.swift in Sources */,
				381732ED27A6B8EA003CD197 /* AppCoordinator.swift in Sources */,
				38FF532527BA188900895077 /* ImagePickerViewController.swift in Sources */,
				38C224A327A7E35500007808 /* EventListCoordinator.swift in Sources */,
				38C224B827A808F600007808 /* AddEventViewModel.swift in Sources */,
				38C224AC27A7F44B00007808 /* EventManager.swift in Sources */,
				381732DD27A6B7F0003CD197 /* CoordinatorExample2.xcdatamodeld in Sources */,
				381732D327A6B7F0003CD197 /* AppDelegate.swift in Sources */,
				38C224B127A8019C00007808 /* AddEventCoordinator.swift in Sources */,
				38C224A627A7E4AE00007808 /* EventListViewController.swift in Sources */,
				38C224B327A806E800007808 /* AddEventViewController.swift in Sources */,
				38C224C427A9336000007808 /* AddEventTitleTableViewCell.swift in Sources */,
				38C224AF27A7FA0B00007808 /* EventListViewModel.swift in Sources */,
				38C224C827A9496400007808 /* ImagePickerTableViewCell.swift in Sources */,
				381732D527A6B7F0003CD197 /* SceneDelegate.swift in Sources */,
				381732EB27A6B88B003CD197 /* protocol.swift in Sources */,
			);
			runOnlyForDeploymentPostprocessing = 0;
		};
/* End PBXSourcesBuildPhase section */

/* Begin PBXVariantGroup section */
		381732D827A6B7F0003CD197 /* Main.storyboard */ = {
			isa = PBXVariantGroup;
			children = (
				381732D927A6B7F0003CD197 /* Base */,
			);
			name = Main.storyboard;
			sourceTree = "<group>";
		};
		381732E027A6B7F2003CD197 /* LaunchScreen.storyboard */ = {
			isa = PBXVariantGroup;
			children = (
				381732E127A6B7F2003CD197 /* Base */,
			);
			name = LaunchScreen.storyboard;
			sourceTree = "<group>";
		};
/* End PBXVariantGroup section */

/* Begin XCBuildConfiguration section */
		381732E427A6B7F2003CD197 /* Debug */ = {
			isa = XCBuildConfiguration;
			buildSettings = {
				ALWAYS_SEARCH_USER_PATHS = NO;
				CLANG_ANALYZER_NONNULL = YES;
				CLANG_ANALYZER_NUMBER_OBJECT_CONVERSION = YES_AGGRESSIVE;
				CLANG_CXX_LANGUAGE_STANDARD = "gnu++17";
				CLANG_CXX_LIBRARY = "libc++";
				CLANG_ENABLE_MODULES = YES;
				CLANG_ENABLE_OBJC_ARC = YES;
				CLANG_ENABLE_OBJC_WEAK = YES;
				CLANG_WARN_BLOCK_CAPTURE_AUTORELEASING = YES;
				CLANG_WARN_BOOL_CONVERSION = YES;
				CLANG_WARN_COMMA = YES;
				CLANG_WARN_CONSTANT_CONVERSION = YES;
				CLANG_WARN_DEPRECATED_OBJC_IMPLEMENTATIONS = YES;
				CLANG_WARN_DIRECT_OBJC_ISA_USAGE = YES_ERROR;
				CLANG_WARN_DOCUMENTATION_COMMENTS = YES;
				CLANG_WARN_EMPTY_BODY = YES;
				CLANG_WARN_ENUM_CONVERSION = YES;
				CLANG_WARN_INFINITE_RECURSION = YES;
				CLANG_WARN_INT_CONVERSION = YES;
				CLANG_WARN_NON_LITERAL_NULL_CONVERSION = YES;
				CLANG_WARN_OBJC_IMPLICIT_RETAIN_SELF = YES;
				CLANG_WARN_OBJC_LITERAL_CONVERSION = YES;
				CLANG_WARN_OBJC_ROOT_CLASS = YES_ERROR;
				CLANG_WARN_QUOTED_INCLUDE_IN_FRAMEWORK_HEADER = YES;
				CLANG_WARN_RANGE_LOOP_ANALYSIS = YES;
				CLANG_WARN_STRICT_PROTOTYPES = YES;
				CLANG_WARN_SUSPICIOUS_MOVE = YES;
				CLANG_WARN_UNGUARDED_AVAILABILITY = YES_AGGRESSIVE;
				CLANG_WARN_UNREACHABLE_CODE = YES;
				CLANG_WARN__DUPLICATE_METHOD_MATCH = YES;
				COPY_PHASE_STRIP = NO;
				DEBUG_INFORMATION_FORMAT = dwarf;
				ENABLE_STRICT_OBJC_MSGSEND = YES;
				ENABLE_TESTABILITY = YES;
				GCC_C_LANGUAGE_STANDARD = gnu11;
				GCC_DYNAMIC_NO_PIC = NO;
				GCC_NO_COMMON_BLOCKS = YES;
				GCC_OPTIMIZATION_LEVEL = 0;
				GCC_PREPROCESSOR_DEFINITIONS = (
					"DEBUG=1",
					"$(inherited)",
				);
				GCC_WARN_64_TO_32_BIT_CONVERSION = YES;
				GCC_WARN_ABOUT_RETURN_TYPE = YES_ERROR;
				GCC_WARN_UNDECLARED_SELECTOR = YES;
				GCC_WARN_UNINITIALIZED_AUTOS = YES_AGGRESSIVE;
				GCC_WARN_UNUSED_FUNCTION = YES;
				GCC_WARN_UNUSED_VARIABLE = YES;
				IPHONEOS_DEPLOYMENT_TARGET = 15.2;
				MTL_ENABLE_DEBUG_INFO = INCLUDE_SOURCE;
				MTL_FAST_MATH = YES;
				ONLY_ACTIVE_ARCH = YES;
				SDKROOT = iphoneos;
				SWIFT_ACTIVE_COMPILATION_CONDITIONS = DEBUG;
				SWIFT_OPTIMIZATION_LEVEL = "-Onone";
			};
			name = Debug;
		};
		381732E527A6B7F2003CD197 /* Release */ = {
			isa = XCBuildConfiguration;
			buildSettings = {
				ALWAYS_SEARCH_USER_PATHS = NO;
				CLANG_ANALYZER_NONNULL = YES;
				CLANG_ANALYZER_NUMBER_OBJECT_CONVERSION = YES_AGGRESSIVE;
				CLANG_CXX_LANGUAGE_STANDARD = "gnu++17";
				CLANG_CXX_LIBRARY = "libc++";
				CLANG_ENABLE_MODULES = YES;
				CLANG_ENABLE_OBJC_ARC = YES;
				CLANG_ENABLE_OBJC_WEAK = YES;
				CLANG_WARN_BLOCK_CAPTURE_AUTORELEASING = YES;
				CLANG_WARN_BOOL_CONVERSION = YES;
				CLANG_WARN_COMMA = YES;
				CLANG_WARN_CONSTANT_CONVERSION = YES;
				CLANG_WARN_DEPRECATED_OBJC_IMPLEMENTATIONS = YES;
				CLANG_WARN_DIRECT_OBJC_ISA_USAGE = YES_ERROR;
				CLANG_WARN_DOCUMENTATION_COMMENTS = YES;
				CLANG_WARN_EMPTY_BODY = YES;
				CLANG_WARN_ENUM_CONVERSION = YES;
				CLANG_WARN_INFINITE_RECURSION = YES;
				CLANG_WARN_INT_CONVERSION = YES;
				CLANG_WARN_NON_LITERAL_NULL_CONVERSION = YES;
				CLANG_WARN_OBJC_IMPLICIT_RETAIN_SELF = YES;
				CLANG_WARN_OBJC_LITERAL_CONVERSION = YES;
				CLANG_WARN_OBJC_ROOT_CLASS = YES_ERROR;
				CLANG_WARN_QUOTED_INCLUDE_IN_FRAMEWORK_HEADER = YES;
				CLANG_WARN_RANGE_LOOP_ANALYSIS = YES;
				CLANG_WARN_STRICT_PROTOTYPES = YES;
				CLANG_WARN_SUSPICIOUS_MOVE = YES;
				CLANG_WARN_UNGUARDED_AVAILABILITY = YES_AGGRESSIVE;
				CLANG_WARN_UNREACHABLE_CODE = YES;
				CLANG_WARN__DUPLICATE_METHOD_MATCH = YES;
				COPY_PHASE_STRIP = NO;
				DEBUG_INFORMATION_FORMAT = "dwarf-with-dsym";
				ENABLE_NS_ASSERTIONS = NO;
				ENABLE_STRICT_OBJC_MSGSEND = YES;
				GCC_C_LANGUAGE_STANDARD = gnu11;
				GCC_NO_COMMON_BLOCKS = YES;
				GCC_WARN_64_TO_32_BIT_CONVERSION = YES;
				GCC_WARN_ABOUT_RETURN_TYPE = YES_ERROR;
				GCC_WARN_UNDECLARED_SELECTOR = YES;
				GCC_WARN_UNINITIALIZED_AUTOS = YES_AGGRESSIVE;
				GCC_WARN_UNUSED_FUNCTION = YES;
				GCC_WARN_UNUSED_VARIABLE = YES;
				IPHONEOS_DEPLOYMENT_TARGET = 15.2;
				MTL_ENABLE_DEBUG_INFO = NO;
				MTL_FAST_MATH = YES;
				SDKROOT = iphoneos;
				SWIFT_COMPILATION_MODE = wholemodule;
				SWIFT_OPTIMIZATION_LEVEL = "-O";
				VALIDATE_PRODUCT = YES;
			};
			name = Release;
		};
		381732E727A6B7F2003CD197 /* Debug */ = {
			isa = XCBuildConfiguration;
			buildSettings = {
				ASSETCATALOG_COMPILER_APPICON_NAME = AppIcon;
				ASSETCATALOG_COMPILER_GLOBAL_ACCENT_COLOR_NAME = AccentColor;
				CODE_SIGN_STYLE = Automatic;
				CURRENT_PROJECT_VERSION = 1;
				GENERATE_INFOPLIST_FILE = YES;
				INFOPLIST_FILE = CoordinatorExample2/Info.plist;
				INFOPLIST_KEY_UIApplicationSupportsIndirectInputEvents = YES;
				INFOPLIST_KEY_UILaunchStoryboardName = LaunchScreen;
				INFOPLIST_KEY_UIMainStoryboardFile = Main;
				INFOPLIST_KEY_UISupportedInterfaceOrientations_iPad = "UIInterfaceOrientationPortrait UIInterfaceOrientationPortraitUpsideDown UIInterfaceOrientationLandscapeLeft UIInterfaceOrientationLandscapeRight";
				INFOPLIST_KEY_UISupportedInterfaceOrientations_iPhone = "UIInterfaceOrientationPortrait UIInterfaceOrientationLandscapeLeft UIInterfaceOrientationLandscapeRight";
				LD_RUNPATH_SEARCH_PATHS = (
					"$(inherited)",
					"@executable_path/Frameworks",
				);
				MARKETING_VERSION = 1.0;
				PRODUCT_BUNDLE_IDENTIFIER = com.shreesharao.co.CoordinatorExample2;
				PRODUCT_NAME = "$(TARGET_NAME)";
				SWIFT_EMIT_LOC_STRINGS = YES;
				SWIFT_VERSION = 5.0;
				TARGETED_DEVICE_FAMILY = "1,2";
			};
			name = Debug;
		};
		381732E827A6B7F2003CD197 /* Release */ = {
			isa = XCBuildConfiguration;
			buildSettings = {
				ASSETCATALOG_COMPILER_APPICON_NAME = AppIcon;
				ASSETCATALOG_COMPILER_GLOBAL_ACCENT_COLOR_NAME = AccentColor;
				CODE_SIGN_STYLE = Automatic;
				CURRENT_PROJECT_VERSION = 1;
				GENERATE_INFOPLIST_FILE = YES;
				INFOPLIST_FILE = CoordinatorExample2/Info.plist;
				INFOPLIST_KEY_UIApplicationSupportsIndirectInputEvents = YES;
				INFOPLIST_KEY_UILaunchStoryboardName = LaunchScreen;
				INFOPLIST_KEY_UIMainStoryboardFile = Main;
				INFOPLIST_KEY_UISupportedInterfaceOrientations_iPad = "UIInterfaceOrientationPortrait UIInterfaceOrientationPortraitUpsideDown UIInterfaceOrientationLandscapeLeft UIInterfaceOrientationLandscapeRight";
				INFOPLIST_KEY_UISupportedInterfaceOrientations_iPhone = "UIInterfaceOrientationPortrait UIInterfaceOrientationLandscapeLeft UIInterfaceOrientationLandscapeRight";
				LD_RUNPATH_SEARCH_PATHS = (
					"$(inherited)",
					"@executable_path/Frameworks",
				);
				MARKETING_VERSION = 1.0;
				PRODUCT_BUNDLE_IDENTIFIER = com.shreesharao.co.CoordinatorExample2;
				PRODUCT_NAME = "$(TARGET_NAME)";
				SWIFT_EMIT_LOC_STRINGS = YES;
				SWIFT_VERSION = 5.0;
				TARGETED_DEVICE_FAMILY = "1,2";
			};
			name = Release;
		};
/* End XCBuildConfiguration section */

/* Begin XCConfigurationList section */
		381732CA27A6B7F0003CD197 /* Build configuration list for PBXProject "CoordinatorExample2" */ = {
			isa = XCConfigurationList;
			buildConfigurations = (
				381732E427A6B7F2003CD197 /* Debug */,
				381732E527A6B7F2003CD197 /* Release */,
			);
			defaultConfigurationIsVisible = 0;
			defaultConfigurationName = Release;
		};
		381732E627A6B7F2003CD197 /* Build configuration list for PBXNativeTarget "CoordinatorExample2" */ = {
			isa = XCConfigurationList;
			buildConfigurations = (
				381732E727A6B7F2003CD197 /* Debug */,
				381732E827A6B7F2003CD197 /* Release */,
			);
			defaultConfigurationIsVisible = 0;
			defaultConfigurationName = Release;
		};
/* End XCConfigurationList section */

/* Begin XCVersionGroup section */
		381732DB27A6B7F0003CD197 /* CoordinatorExample2.xcdatamodeld */ = {
			isa = XCVersionGroup;
			children = (
				381732DC27A6B7F0003CD197 /* CoordinatorExample2.xcdatamodel */,
			);
			currentVersion = 381732DC27A6B7F0003CD197 /* CoordinatorExample2.xcdatamodel */;
			path = CoordinatorExample2.xcdatamodeld;
			sourceTree = "<group>";
			versionGroupType = wrapper.xcdatamodel;
		};
/* End XCVersionGroup section */
	};
	rootObject = 381732C727A6B7F0003CD197 /* Project object */;
}
